
Microsoft Visual Studio Solution File, Format Version 12.00
# Visual Studio 14
VisualStudioVersion = 14.0.25420.1
MinimumVisualStudioVersion = 10.0.40219.1
Project("{2150E333-8FDC-42A3-9474-1A3956D46DE8}") = "Command", "Command", "{48E3A764-740D-4F64-83C8-57368FFD8EF5}"
EndProject
Project("{2150E333-8FDC-42A3-9474-1A3956D46DE8}") = "Creational Patterns", "Creational Patterns", "{90AA05BD-9A7E-4F51-A2F4-64C7A8F2755E}"
EndProject
Project("{2150E333-8FDC-42A3-9474-1A3956D46DE8}") = "Behavioral Patterns", "Behavioral Patterns", "{62D5B28C-FF5E-4846-9B7C-259071FAF3E6}"
EndProject
Project("{2150E333-8FDC-42A3-9474-1A3956D46DE8}") = "Oberver", "Oberver", "{E98DAFBA-0935-413D-9CDA-C7395F86DD1B}"
EndProject
Project("{FAE04EC0-301F-11D3-BF4B-00C04F79EFBC}") = "ObserverPatternTut", "ObserverPatternTut\ObserverPatternTut.csproj", "{20E727C9-01FF-4640-9C4F-9C52B599093F}"
EndProject
Project("{2150E333-8FDC-42A3-9474-1A3956D46DE8}") = "Structural Patterns", "Structural Patterns", "{F1C827C4-F1A9-445F-864B-DAEDE2527FA1}"
EndProject
Project("{2150E333-8FDC-42A3-9474-1A3956D46DE8}") = "Decorator", "Decorator", "{C97EC57D-B48B-4DFA-8BD0-618F9827EE78}"
EndProject
Project("{8BB2217D-0F2D-49D1-97BC-3654ED321F3B}") = "DecoratorPatternTut", "DecoratorPatternTut\DecoratorPatternTut.xproj", "{314D7046-30FF-493C-AB77-3F1203CF4B4C}"
EndProject
Project("{2150E333-8FDC-42A3-9474-1A3956D46DE8}") = "Adapter", "Adapter", "{59AE3281-0C50-470C-9145-078D5073722D}"
EndProject
Project("{8BB2217D-0F2D-49D1-97BC-3654ED321F3B}") = "AdapterPatternTut", "AdapterPatternTut\AdapterPatternTut.xproj", "{5599689C-B40A-4400-A6B0-5BF62C246F8C}"
Project("{2150E333-8FDC-42A3-9474-1A3956D46DE8}") = "Strategy", "Strategy", "{9AA1C37D-4621-48B3-8248-065B9CE5C1BD}"
EndProject
Project("{FAE04EC0-301F-11D3-BF4B-00C04F79EFBC}") = "StrategyPatternTut", "StrategyPatternTut\StrategyPatternTut.csproj", "{948082AD-003A-4932-880E-3B8B1A30B64F}"
EndProject
Project("{FAE04EC0-301F-11D3-BF4B-00C04F79EFBC}") = "StrategyPatternTut.Sample02", "StrategyPatternTut.Sample02\StrategyPatternTut.Sample02.csproj", "{D05A9070-377E-4AB1-8DB9-853D0E22EFC6}"
EndProject
Global
	GlobalSection(SolutionConfigurationPlatforms) = preSolution
		Debug|Any CPU = Debug|Any CPU
		Release|Any CPU = Release|Any CPU
	EndGlobalSection
	GlobalSection(ProjectConfigurationPlatforms) = postSolution
		{20E727C9-01FF-4640-9C4F-9C52B599093F}.Debug|Any CPU.ActiveCfg = Debug|Any CPU
		{20E727C9-01FF-4640-9C4F-9C52B599093F}.Debug|Any CPU.Build.0 = Debug|Any CPU
		{20E727C9-01FF-4640-9C4F-9C52B599093F}.Release|Any CPU.ActiveCfg = Release|Any CPU
		{20E727C9-01FF-4640-9C4F-9C52B599093F}.Release|Any CPU.Build.0 = Release|Any CPU
		{314D7046-30FF-493C-AB77-3F1203CF4B4C}.Debug|Any CPU.ActiveCfg = Debug|Any CPU
		{314D7046-30FF-493C-AB77-3F1203CF4B4C}.Debug|Any CPU.Build.0 = Debug|Any CPU
		{314D7046-30FF-493C-AB77-3F1203CF4B4C}.Release|Any CPU.ActiveCfg = Release|Any CPU
		{314D7046-30FF-493C-AB77-3F1203CF4B4C}.Release|Any CPU.Build.0 = Release|Any CPU
		{5599689C-B40A-4400-A6B0-5BF62C246F8C}.Debug|Any CPU.ActiveCfg = Debug|Any CPU
		{5599689C-B40A-4400-A6B0-5BF62C246F8C}.Debug|Any CPU.Build.0 = Debug|Any CPU
		{5599689C-B40A-4400-A6B0-5BF62C246F8C}.Release|Any CPU.ActiveCfg = Release|Any CPU
		{5599689C-B40A-4400-A6B0-5BF62C246F8C}.Release|Any CPU.Build.0 = Release|Any CPU
		{948082AD-003A-4932-880E-3B8B1A30B64F}.Debug|Any CPU.ActiveCfg = Debug|Any CPU
		{948082AD-003A-4932-880E-3B8B1A30B64F}.Debug|Any CPU.Build.0 = Debug|Any CPU
		{948082AD-003A-4932-880E-3B8B1A30B64F}.Release|Any CPU.ActiveCfg = Release|Any CPU
		{948082AD-003A-4932-880E-3B8B1A30B64F}.Release|Any CPU.Build.0 = Release|Any CPU
		{D05A9070-377E-4AB1-8DB9-853D0E22EFC6}.Debug|Any CPU.ActiveCfg = Debug|Any CPU
		{D05A9070-377E-4AB1-8DB9-853D0E22EFC6}.Debug|Any CPU.Build.0 = Debug|Any CPU
		{D05A9070-377E-4AB1-8DB9-853D0E22EFC6}.Release|Any CPU.ActiveCfg = Release|Any CPU
		{D05A9070-377E-4AB1-8DB9-853D0E22EFC6}.Release|Any CPU.Build.0 = Release|Any CPU
	EndGlobalSection
	GlobalSection(SolutionProperties) = preSolution
		HideSolutionNode = FALSE
	EndGlobalSection
	GlobalSection(NestedProjects) = preSolution
		{48E3A764-740D-4F64-83C8-57368FFD8EF5} = {62D5B28C-FF5E-4846-9B7C-259071FAF3E6}
		{E98DAFBA-0935-413D-9CDA-C7395F86DD1B} = {62D5B28C-FF5E-4846-9B7C-259071FAF3E6}
		{20E727C9-01FF-4640-9C4F-9C52B599093F} = {E98DAFBA-0935-413D-9CDA-C7395F86DD1B}
		{C97EC57D-B48B-4DFA-8BD0-618F9827EE78} = {F1C827C4-F1A9-445F-864B-DAEDE2527FA1}
		{314D7046-30FF-493C-AB77-3F1203CF4B4C} = {C97EC57D-B48B-4DFA-8BD0-618F9827EE78}
		{59AE3281-0C50-470C-9145-078D5073722D} = {F1C827C4-F1A9-445F-864B-DAEDE2527FA1}
		{5599689C-B40A-4400-A6B0-5BF62C246F8C} = {59AE3281-0C50-470C-9145-078D5073722D}
		{9AA1C37D-4621-48B3-8248-065B9CE5C1BD} = {62D5B28C-FF5E-4846-9B7C-259071FAF3E6}
		{948082AD-003A-4932-880E-3B8B1A30B64F} = {9AA1C37D-4621-48B3-8248-065B9CE5C1BD}
		{D05A9070-377E-4AB1-8DB9-853D0E22EFC6} = {9AA1C37D-4621-48B3-8248-065B9CE5C1BD}
	EndGlobalSection
EndGlobal
